
Microsoft Visual Studio Solution File, Format Version 12.00
# Visual Studio 14
VisualStudioVersion = 14.0.25123.0
MinimumVisualStudioVersion = 10.0.40219.1
Project("{FAE04EC0-301F-11D3-BF4B-00C04F79EFBC}") = "Graph", "Graph\Graph.csproj", "{7F466960-326A-44F3-8149-B9F29403CFAA}"
EndProject
Project("{FAE04EC0-301F-11D3-BF4B-00C04F79EFBC}") = "Graph.Tests", "Graph.Tests\Graph.Tests.csproj", "{7815EB78-2F96-42FA-915A-B7C0B7A476D1}"
EndProject
Project("{FAE04EC0-301F-11D3-BF4B-00C04F79EFBC}") = "Graph.Dijkstra", "Graph.Dijkstra\Graph.Dijkstra.csproj", "{DDE4D97F-2492-4A69-9ECE-DFA92B54E8CE}"
EndProject
Project("{2150E333-8FDC-42A3-9474-1A3956D46DE8}") = "Graph", "Graph", "{C89D99F0-2EB0-4CFE-9350-8CFC97A9DFF7}"
EndProject
Project("{FAE04EC0-301F-11D3-BF4B-00C04F79EFBC}") = "Graph.Printer", "Graph.Printer\Graph.Printer.csproj", "{6B22BE78-5536-4CE2-BAE9-A47A2EA66599}"
EndProject
Project("{2150E333-8FDC-42A3-9474-1A3956D46DE8}") = "Tree", "Tree", "{F4707225-89CA-43DD-BB37-64E259ED9750}"
EndProject
Project("{FAE04EC0-301F-11D3-BF4B-00C04F79EFBC}") = "Tree", "Tree\Tree.csproj", "{9ACD9800-084A-46E1-AC8A-EA1047DDB879}"
EndProject
Project("{FAE04EC0-301F-11D3-BF4B-00C04F79EFBC}") = "Tree.Printer", "Tree.Printer\Tree.Printer.csproj", "{5EEDADBF-71F0-48DD-9323-056398F7FDF2}"
EndProject
Project("{FAE04EC0-301F-11D3-BF4B-00C04F79EFBC}") = "Tree.Tests", "Tree.Tests\Tree.Tests.csproj", "{96E97A83-F536-47E5-BCC6-3697251CE723}"
EndProject
Project("{2150E333-8FDC-42A3-9474-1A3956D46DE8}") = "Data Structures", "Data Structures", "{AB033906-6070-4028-8E1E-4E5D70B94A7B}"
EndProject
Project("{2150E333-8FDC-42A3-9474-1A3956D46DE8}") = "LeetCode", "LeetCode", "{C0AB3362-10A1-4362-9A96-41EF6508859E}"
EndProject
Project("{2150E333-8FDC-42A3-9474-1A3956D46DE8}") = "Misc", "Misc", "{FC55A0CB-E1D8-40FE-B273-AE7D8ED97EA0}"
EndProject
Project("{FAE04EC0-301F-11D3-BF4B-00C04F79EFBC}") = "Misc.Tests", "Misc.Tests\Misc.Tests.csproj", "{11901025-4B26-45F3-BBC4-C546880A2B96}"
EndProject
Project("{FAE04EC0-301F-11D3-BF4B-00C04F79EFBC}") = "Misc", "Misc\Misc.csproj", "{D08113D5-C4EE-4CFB-AECA-F5AE076F3C37}"
EndProject
Project("{FAE04EC0-301F-11D3-BF4B-00C04F79EFBC}") = "Stack", "Stack\Stack.csproj", "{4FDD6C93-A544-4B21-AFD2-A50C7C2AB39F}"
EndProject
Project("{FAE04EC0-301F-11D3-BF4B-00C04F79EFBC}") = "Stack.Tests", "Stack.Tests\Stack.Tests.csproj", "{2E1F9A7C-D530-4B82-BF24-A50558494505}"
EndProject
Project("{2150E333-8FDC-42A3-9474-1A3956D46DE8}") = "Dynamic Programmig", "Dynamic Programmig", "{2B798F7F-C35A-4224-8222-C3FA8EB6E640}"
EndProject
Project("{FAE04EC0-301F-11D3-BF4B-00C04F79EFBC}") = "DynamicProgramming.Tests", "DynamicProgramming.Tests\DynamicProgramming.Tests.csproj", "{813466D8-56A1-4D54-A569-9EC94C4616C1}"
EndProject
Project("{FAE04EC0-301F-11D3-BF4B-00C04F79EFBC}") = "DynamicProgramming", "DynamicProgramming\DynamicProgramming.csproj", "{B295E65B-CB37-4A95-B01F-B86780344351}"
EndProject
Project("{2150E333-8FDC-42A3-9474-1A3956D46DE8}") = "Array and String", "Array and String", "{569B3BEE-24E2-4B06-B8AB-198D501B1A02}"
EndProject
Project("{2150E333-8FDC-42A3-9474-1A3956D46DE8}") = "Binary Search", "Binary Search", "{A6BE67EC-AB90-4C3F-98EC-1F7FFBA4D19A}"
EndProject
Project("{2150E333-8FDC-42A3-9474-1A3956D46DE8}") = "Binary Tree", "Binary Tree", "{43237831-D39F-4E04-90C8-031D3B4FFDB6}"
EndProject
Project("{2150E333-8FDC-42A3-9474-1A3956D46DE8}") = "Bit Manipulation", "Bit Manipulation", "{5F6A53C9-4C09-49AC-B6C7-0BE58E38C4E3}"
EndProject
Project("{2150E333-8FDC-42A3-9474-1A3956D46DE8}") = "Linked List", "Linked List", "{201458B4-1FA7-476B-B4ED-B2ABE5992059}"
EndProject
Project("{2150E333-8FDC-42A3-9474-1A3956D46DE8}") = "Math", "Math", "{705F1436-0E8D-45C6-B07D-9A700560DF42}"
EndProject
Project("{FAE04EC0-301F-11D3-BF4B-00C04F79EFBC}") = "ArrayAndString", "ArrayAndString\ArrayAndString.csproj", "{B35E5925-9DFC-4425-8BD5-B6592F93866C}"
EndProject
Project("{FAE04EC0-301F-11D3-BF4B-00C04F79EFBC}") = "BinarySearch", "BinarySearch\BinarySearch.csproj", "{748C8286-32E6-4C24-AA10-BAA48C09ACD5}"
EndProject
Project("{FAE04EC0-301F-11D3-BF4B-00C04F79EFBC}") = "BinaryTree", "BinaryTree\BinaryTree.csproj", "{EFC2035C-4576-4817-BFEC-D4877B634EE0}"
EndProject
Project("{FAE04EC0-301F-11D3-BF4B-00C04F79EFBC}") = "BitManipulation", "BitManipulation\BitManipulation.csproj", "{2947760F-C02D-4DB2-9C39-D533FE5D957B}"
EndProject
Project("{FAE04EC0-301F-11D3-BF4B-00C04F79EFBC}") = "LinkedList", "LinkedList\LinkedList.csproj", "{8569CA48-CA03-42CF-9EF7-DF01E7A70DAF}"
EndProject
Project("{FAE04EC0-301F-11D3-BF4B-00C04F79EFBC}") = "Math", "Math\Math.csproj", "{645F04E8-0D09-4BE4-8F77-C7795B714838}"
EndProject
Project("{FAE04EC0-301F-11D3-BF4B-00C04F79EFBC}") = "ArrayAndString.Tests", "ArrayAndString.Tests\ArrayAndString.Tests.csproj", "{72F09D99-5A27-4F28-A4BE-868D332F9C9E}"
EndProject
Project("{FAE04EC0-301F-11D3-BF4B-00C04F79EFBC}") = "BinarySearch.Tests", "BinarySearch.Tests\BinarySearch.Tests.csproj", "{4FA22BA3-605A-4AFB-BDC7-E06186C8408E}"
EndProject
Project("{FAE04EC0-301F-11D3-BF4B-00C04F79EFBC}") = "BinaryTree.Tests", "BinaryTree.Tests\BinaryTree.Tests.csproj", "{D931E656-1AE7-407D-B730-7DBF3D0E4A9F}"
EndProject
Project("{FAE04EC0-301F-11D3-BF4B-00C04F79EFBC}") = "BitManipulation.Tests", "BitManipulation.Tests\BitManipulation.Tests.csproj", "{BB714910-E5B0-4672-A22A-E2E260CBC0BC}"
EndProject
Project("{FAE04EC0-301F-11D3-BF4B-00C04F79EFBC}") = "LinkedList.Tests", "LinkedList.Tests\LinkedList.Tests.csproj", "{AB67D23D-8EE8-438C-9CC1-E576705FAB21}"
EndProject
Project("{FAE04EC0-301F-11D3-BF4B-00C04F79EFBC}") = "Math.Tests", "Math.Tests\Math.Tests.csproj", "{41FF2A28-DED7-4685-8027-A0246008DCF0}"
EndProject
Project("{2150E333-8FDC-42A3-9474-1A3956D46DE8}") = "ProgramCreek", "ProgramCreek", "{80A13615-E6A8-4781-8DD3-FB63095BB11A}"
EndProject
Project("{FAE04EC0-301F-11D3-BF4B-00C04F79EFBC}") = "Tree.Serializer", "Tree.Serializer\Tree.Serializer.csproj", "{EAF67315-8369-437A-8C0C-6DDE52236F64}"
EndProject
Project("{FAE04EC0-301F-11D3-BF4B-00C04F79EFBC}") = "Tree.Validator", "Tree.Validator\Tree.Validator.csproj", "{2E7DFFAA-512E-4C7E-B867-E55E522F01D5}"
EndProject
Project("{2150E333-8FDC-42A3-9474-1A3956D46DE8}") = "Stack", "Stack", "{309F8300-1BBA-436D-BC19-2BDAFF596BEC}"
EndProject
Project("{2150E333-8FDC-42A3-9474-1A3956D46DE8}") = "Linked List", "Linked List", "{17AF3E69-F222-4F39-A868-5D1A1D22A9C8}"
EndProject
Project("{2150E333-8FDC-42A3-9474-1A3956D46DE8}") = "Priority Queue", "Priority Queue", "{73ED1F64-8885-4686-832B-2B74E8299348}"
EndProject
Project("{FAE04EC0-301F-11D3-BF4B-00C04F79EFBC}") = "PriorityQueue", "PriorityQueue\PriorityQueue.csproj", "{8EC0561C-5171-409A-BE2A-1D2A73BC92D6}"
EndProject
Project("{FAE04EC0-301F-11D3-BF4B-00C04F79EFBC}") = "Sandbox.CS", "Sandbox.CS\Sandbox.CS.csproj", "{6A731F89-D091-444C-94B2-8E20A2DB0DB9}"
EndProject
Project("{8BC9CEB8-8B4A-11D0-8D11-00A0C91BC942}") = "Sandbox.CPP", "Sandbox.CPP\Sandbox.CPP.vcxproj", "{01853DA8-501C-4B96-9E3F-80A79558AFED}"
EndProject
Project("{FAE04EC0-301F-11D3-BF4B-00C04F79EFBC}") = "LinkedList.Algorithms", "LinkedList.Algorithms\LinkedList.Algorithms.csproj", "{0F1E3074-27BD-416E-B510-83FB2DC1FA29}"
EndProject
Project("{FAE04EC0-301F-11D3-BF4B-00C04F79EFBC}") = "LinkedList.Printer", "LinkedList.Printer\LinkedList.Printer.csproj", "{C1C39DFA-E521-4D5B-B342-9B827E456050}"
EndProject
Project("{2150E333-8FDC-42A3-9474-1A3956D46DE8}") = "Sorting", "Sorting", "{F5C2C1AF-8C17-45E7-A8C3-FB2B48D30244}"
EndProject
Project("{FAE04EC0-301F-11D3-BF4B-00C04F79EFBC}") = "Sorting", "Sorting\Sorting.csproj", "{4C835A49-E394-4665-B901-BCD20434F7B2}"
EndProject
Project("{FAE04EC0-301F-11D3-BF4B-00C04F79EFBC}") = "Sorting.Tests", "Sorting.Tests\Sorting.Tests.csproj", "{A0685AFD-7A95-4B9C-82A3-C2E3F5B66C64}"
EndProject
Project("{2150E333-8FDC-42A3-9474-1A3956D46DE8}") = "Syslo", "Syslo", "{0A244B09-FB26-4EB3-AAC8-64D7EFBE980F}"
EndProject
Project("{FAE04EC0-301F-11D3-BF4B-00C04F79EFBC}") = "Syslo", "Syslo\Syslo.csproj", "{B29B63A4-7271-4625-8644-856BAA0BA5A1}"
EndProject
Project("{FAE04EC0-301F-11D3-BF4B-00C04F79EFBC}") = "ProgramCreek", "ProgramCreek\ProgramCreek.csproj", "{86BAEB93-EB25-436C-8BB6-27FE9784988E}"
EndProject
Project("{FAE04EC0-301F-11D3-BF4B-00C04F79EFBC}") = "ProgramCreek.Tests", "ProgramCreek.Tests\ProgramCreek.Tests.csproj", "{E2B7D077-9966-49CC-91F2-3CC6B38C688B}"
EndProject
Global
	GlobalSection(SolutionConfigurationPlatforms) = preSolution
		Debug|Any CPU = Debug|Any CPU
		Debug|x64 = Debug|x64
		Debug|x86 = Debug|x86
		Release|Any CPU = Release|Any CPU
		Release|x64 = Release|x64
		Release|x86 = Release|x86
	EndGlobalSection
	GlobalSection(ProjectConfigurationPlatforms) = postSolution
		{7F466960-326A-44F3-8149-B9F29403CFAA}.Debug|Any CPU.ActiveCfg = Debug|Any CPU
		{7F466960-326A-44F3-8149-B9F29403CFAA}.Debug|Any CPU.Build.0 = Debug|Any CPU
		{7F466960-326A-44F3-8149-B9F29403CFAA}.Debug|x64.ActiveCfg = Debug|Any CPU
		{7F466960-326A-44F3-8149-B9F29403CFAA}.Debug|x64.Build.0 = Debug|Any CPU
		{7F466960-326A-44F3-8149-B9F29403CFAA}.Debug|x86.ActiveCfg = Debug|Any CPU
		{7F466960-326A-44F3-8149-B9F29403CFAA}.Debug|x86.Build.0 = Debug|Any CPU
		{7F466960-326A-44F3-8149-B9F29403CFAA}.Release|Any CPU.ActiveCfg = Release|Any CPU
		{7F466960-326A-44F3-8149-B9F29403CFAA}.Release|Any CPU.Build.0 = Release|Any CPU
		{7F466960-326A-44F3-8149-B9F29403CFAA}.Release|x64.ActiveCfg = Release|Any CPU
		{7F466960-326A-44F3-8149-B9F29403CFAA}.Release|x64.Build.0 = Release|Any CPU
		{7F466960-326A-44F3-8149-B9F29403CFAA}.Release|x86.ActiveCfg = Release|Any CPU
		{7F466960-326A-44F3-8149-B9F29403CFAA}.Release|x86.Build.0 = Release|Any CPU
		{7815EB78-2F96-42FA-915A-B7C0B7A476D1}.Debug|Any CPU.ActiveCfg = Debug|Any CPU
		{7815EB78-2F96-42FA-915A-B7C0B7A476D1}.Debug|Any CPU.Build.0 = Debug|Any CPU
		{7815EB78-2F96-42FA-915A-B7C0B7A476D1}.Debug|x64.ActiveCfg = Debug|Any CPU
		{7815EB78-2F96-42FA-915A-B7C0B7A476D1}.Debug|x64.Build.0 = Debug|Any CPU
		{7815EB78-2F96-42FA-915A-B7C0B7A476D1}.Debug|x86.ActiveCfg = Debug|Any CPU
		{7815EB78-2F96-42FA-915A-B7C0B7A476D1}.Debug|x86.Build.0 = Debug|Any CPU
		{7815EB78-2F96-42FA-915A-B7C0B7A476D1}.Release|Any CPU.ActiveCfg = Release|Any CPU
		{7815EB78-2F96-42FA-915A-B7C0B7A476D1}.Release|Any CPU.Build.0 = Release|Any CPU
		{7815EB78-2F96-42FA-915A-B7C0B7A476D1}.Release|x64.ActiveCfg = Release|Any CPU
		{7815EB78-2F96-42FA-915A-B7C0B7A476D1}.Release|x64.Build.0 = Release|Any CPU
		{7815EB78-2F96-42FA-915A-B7C0B7A476D1}.Release|x86.ActiveCfg = Release|Any CPU
		{7815EB78-2F96-42FA-915A-B7C0B7A476D1}.Release|x86.Build.0 = Release|Any CPU
		{DDE4D97F-2492-4A69-9ECE-DFA92B54E8CE}.Debug|Any CPU.ActiveCfg = Debug|Any CPU
		{DDE4D97F-2492-4A69-9ECE-DFA92B54E8CE}.Debug|Any CPU.Build.0 = Debug|Any CPU
		{DDE4D97F-2492-4A69-9ECE-DFA92B54E8CE}.Debug|x64.ActiveCfg = Debug|Any CPU
		{DDE4D97F-2492-4A69-9ECE-DFA92B54E8CE}.Debug|x64.Build.0 = Debug|Any CPU
		{DDE4D97F-2492-4A69-9ECE-DFA92B54E8CE}.Debug|x86.ActiveCfg = Debug|Any CPU
		{DDE4D97F-2492-4A69-9ECE-DFA92B54E8CE}.Debug|x86.Build.0 = Debug|Any CPU
		{DDE4D97F-2492-4A69-9ECE-DFA92B54E8CE}.Release|Any CPU.ActiveCfg = Release|Any CPU
		{DDE4D97F-2492-4A69-9ECE-DFA92B54E8CE}.Release|Any CPU.Build.0 = Release|Any CPU
		{DDE4D97F-2492-4A69-9ECE-DFA92B54E8CE}.Release|x64.ActiveCfg = Release|Any CPU
		{DDE4D97F-2492-4A69-9ECE-DFA92B54E8CE}.Release|x64.Build.0 = Release|Any CPU
		{DDE4D97F-2492-4A69-9ECE-DFA92B54E8CE}.Release|x86.ActiveCfg = Release|Any CPU
		{DDE4D97F-2492-4A69-9ECE-DFA92B54E8CE}.Release|x86.Build.0 = Release|Any CPU
		{6B22BE78-5536-4CE2-BAE9-A47A2EA66599}.Debug|Any CPU.ActiveCfg = Debug|Any CPU
		{6B22BE78-5536-4CE2-BAE9-A47A2EA66599}.Debug|Any CPU.Build.0 = Debug|Any CPU
		{6B22BE78-5536-4CE2-BAE9-A47A2EA66599}.Debug|x64.ActiveCfg = Debug|Any CPU
		{6B22BE78-5536-4CE2-BAE9-A47A2EA66599}.Debug|x64.Build.0 = Debug|Any CPU
		{6B22BE78-5536-4CE2-BAE9-A47A2EA66599}.Debug|x86.ActiveCfg = Debug|Any CPU
		{6B22BE78-5536-4CE2-BAE9-A47A2EA66599}.Debug|x86.Build.0 = Debug|Any CPU
		{6B22BE78-5536-4CE2-BAE9-A47A2EA66599}.Release|Any CPU.ActiveCfg = Release|Any CPU
		{6B22BE78-5536-4CE2-BAE9-A47A2EA66599}.Release|Any CPU.Build.0 = Release|Any CPU
		{6B22BE78-5536-4CE2-BAE9-A47A2EA66599}.Release|x64.ActiveCfg = Release|Any CPU
		{6B22BE78-5536-4CE2-BAE9-A47A2EA66599}.Release|x64.Build.0 = Release|Any CPU
		{6B22BE78-5536-4CE2-BAE9-A47A2EA66599}.Release|x86.ActiveCfg = Release|Any CPU
		{6B22BE78-5536-4CE2-BAE9-A47A2EA66599}.Release|x86.Build.0 = Release|Any CPU
		{9ACD9800-084A-46E1-AC8A-EA1047DDB879}.Debug|Any CPU.ActiveCfg = Debug|Any CPU
		{9ACD9800-084A-46E1-AC8A-EA1047DDB879}.Debug|Any CPU.Build.0 = Debug|Any CPU
		{9ACD9800-084A-46E1-AC8A-EA1047DDB879}.Debug|x64.ActiveCfg = Debug|Any CPU
		{9ACD9800-084A-46E1-AC8A-EA1047DDB879}.Debug|x64.Build.0 = Debug|Any CPU
		{9ACD9800-084A-46E1-AC8A-EA1047DDB879}.Debug|x86.ActiveCfg = Debug|Any CPU
		{9ACD9800-084A-46E1-AC8A-EA1047DDB879}.Debug|x86.Build.0 = Debug|Any CPU
		{9ACD9800-084A-46E1-AC8A-EA1047DDB879}.Release|Any CPU.ActiveCfg = Release|Any CPU
		{9ACD9800-084A-46E1-AC8A-EA1047DDB879}.Release|Any CPU.Build.0 = Release|Any CPU
		{9ACD9800-084A-46E1-AC8A-EA1047DDB879}.Release|x64.ActiveCfg = Release|Any CPU
		{9ACD9800-084A-46E1-AC8A-EA1047DDB879}.Release|x64.Build.0 = Release|Any CPU
		{9ACD9800-084A-46E1-AC8A-EA1047DDB879}.Release|x86.ActiveCfg = Release|Any CPU
		{9ACD9800-084A-46E1-AC8A-EA1047DDB879}.Release|x86.Build.0 = Release|Any CPU
		{5EEDADBF-71F0-48DD-9323-056398F7FDF2}.Debug|Any CPU.ActiveCfg = Debug|Any CPU
		{5EEDADBF-71F0-48DD-9323-056398F7FDF2}.Debug|Any CPU.Build.0 = Debug|Any CPU
		{5EEDADBF-71F0-48DD-9323-056398F7FDF2}.Debug|x64.ActiveCfg = Debug|Any CPU
		{5EEDADBF-71F0-48DD-9323-056398F7FDF2}.Debug|x64.Build.0 = Debug|Any CPU
		{5EEDADBF-71F0-48DD-9323-056398F7FDF2}.Debug|x86.ActiveCfg = Debug|Any CPU
		{5EEDADBF-71F0-48DD-9323-056398F7FDF2}.Debug|x86.Build.0 = Debug|Any CPU
		{5EEDADBF-71F0-48DD-9323-056398F7FDF2}.Release|Any CPU.ActiveCfg = Release|Any CPU
		{5EEDADBF-71F0-48DD-9323-056398F7FDF2}.Release|Any CPU.Build.0 = Release|Any CPU
		{5EEDADBF-71F0-48DD-9323-056398F7FDF2}.Release|x64.ActiveCfg = Release|Any CPU
		{5EEDADBF-71F0-48DD-9323-056398F7FDF2}.Release|x64.Build.0 = Release|Any CPU
		{5EEDADBF-71F0-48DD-9323-056398F7FDF2}.Release|x86.ActiveCfg = Release|Any CPU
		{5EEDADBF-71F0-48DD-9323-056398F7FDF2}.Release|x86.Build.0 = Release|Any CPU
		{96E97A83-F536-47E5-BCC6-3697251CE723}.Debug|Any CPU.ActiveCfg = Debug|Any CPU
		{96E97A83-F536-47E5-BCC6-3697251CE723}.Debug|Any CPU.Build.0 = Debug|Any CPU
		{96E97A83-F536-47E5-BCC6-3697251CE723}.Debug|x64.ActiveCfg = Debug|Any CPU
		{96E97A83-F536-47E5-BCC6-3697251CE723}.Debug|x64.Build.0 = Debug|Any CPU
		{96E97A83-F536-47E5-BCC6-3697251CE723}.Debug|x86.ActiveCfg = Debug|Any CPU
		{96E97A83-F536-47E5-BCC6-3697251CE723}.Debug|x86.Build.0 = Debug|Any CPU
		{96E97A83-F536-47E5-BCC6-3697251CE723}.Release|Any CPU.ActiveCfg = Release|Any CPU
		{96E97A83-F536-47E5-BCC6-3697251CE723}.Release|Any CPU.Build.0 = Release|Any CPU
		{96E97A83-F536-47E5-BCC6-3697251CE723}.Release|x64.ActiveCfg = Release|Any CPU
		{96E97A83-F536-47E5-BCC6-3697251CE723}.Release|x64.Build.0 = Release|Any CPU
		{96E97A83-F536-47E5-BCC6-3697251CE723}.Release|x86.ActiveCfg = Release|Any CPU
		{96E97A83-F536-47E5-BCC6-3697251CE723}.Release|x86.Build.0 = Release|Any CPU
		{11901025-4B26-45F3-BBC4-C546880A2B96}.Debug|Any CPU.ActiveCfg = Debug|Any CPU
		{11901025-4B26-45F3-BBC4-C546880A2B96}.Debug|Any CPU.Build.0 = Debug|Any CPU
		{11901025-4B26-45F3-BBC4-C546880A2B96}.Debug|x64.ActiveCfg = Debug|Any CPU
		{11901025-4B26-45F3-BBC4-C546880A2B96}.Debug|x64.Build.0 = Debug|Any CPU
		{11901025-4B26-45F3-BBC4-C546880A2B96}.Debug|x86.ActiveCfg = Debug|Any CPU
		{11901025-4B26-45F3-BBC4-C546880A2B96}.Debug|x86.Build.0 = Debug|Any CPU
		{11901025-4B26-45F3-BBC4-C546880A2B96}.Release|Any CPU.ActiveCfg = Release|Any CPU
		{11901025-4B26-45F3-BBC4-C546880A2B96}.Release|Any CPU.Build.0 = Release|Any CPU
		{11901025-4B26-45F3-BBC4-C546880A2B96}.Release|x64.ActiveCfg = Release|Any CPU
		{11901025-4B26-45F3-BBC4-C546880A2B96}.Release|x64.Build.0 = Release|Any CPU
		{11901025-4B26-45F3-BBC4-C546880A2B96}.Release|x86.ActiveCfg = Release|Any CPU
		{11901025-4B26-45F3-BBC4-C546880A2B96}.Release|x86.Build.0 = Release|Any CPU
		{D08113D5-C4EE-4CFB-AECA-F5AE076F3C37}.Debug|Any CPU.ActiveCfg = Debug|Any CPU
		{D08113D5-C4EE-4CFB-AECA-F5AE076F3C37}.Debug|Any CPU.Build.0 = Debug|Any CPU
		{D08113D5-C4EE-4CFB-AECA-F5AE076F3C37}.Debug|x64.ActiveCfg = Debug|Any CPU
		{D08113D5-C4EE-4CFB-AECA-F5AE076F3C37}.Debug|x64.Build.0 = Debug|Any CPU
		{D08113D5-C4EE-4CFB-AECA-F5AE076F3C37}.Debug|x86.ActiveCfg = Debug|Any CPU
		{D08113D5-C4EE-4CFB-AECA-F5AE076F3C37}.Debug|x86.Build.0 = Debug|Any CPU
		{D08113D5-C4EE-4CFB-AECA-F5AE076F3C37}.Release|Any CPU.ActiveCfg = Release|Any CPU
		{D08113D5-C4EE-4CFB-AECA-F5AE076F3C37}.Release|Any CPU.Build.0 = Release|Any CPU
		{D08113D5-C4EE-4CFB-AECA-F5AE076F3C37}.Release|x64.ActiveCfg = Release|Any CPU
		{D08113D5-C4EE-4CFB-AECA-F5AE076F3C37}.Release|x64.Build.0 = Release|Any CPU
		{D08113D5-C4EE-4CFB-AECA-F5AE076F3C37}.Release|x86.ActiveCfg = Release|Any CPU
		{D08113D5-C4EE-4CFB-AECA-F5AE076F3C37}.Release|x86.Build.0 = Release|Any CPU
		{4FDD6C93-A544-4B21-AFD2-A50C7C2AB39F}.Debug|Any CPU.ActiveCfg = Debug|Any CPU
		{4FDD6C93-A544-4B21-AFD2-A50C7C2AB39F}.Debug|Any CPU.Build.0 = Debug|Any CPU
		{4FDD6C93-A544-4B21-AFD2-A50C7C2AB39F}.Debug|x64.ActiveCfg = Debug|Any CPU
		{4FDD6C93-A544-4B21-AFD2-A50C7C2AB39F}.Debug|x64.Build.0 = Debug|Any CPU
		{4FDD6C93-A544-4B21-AFD2-A50C7C2AB39F}.Debug|x86.ActiveCfg = Debug|Any CPU
		{4FDD6C93-A544-4B21-AFD2-A50C7C2AB39F}.Debug|x86.Build.0 = Debug|Any CPU
		{4FDD6C93-A544-4B21-AFD2-A50C7C2AB39F}.Release|Any CPU.ActiveCfg = Release|Any CPU
		{4FDD6C93-A544-4B21-AFD2-A50C7C2AB39F}.Release|Any CPU.Build.0 = Release|Any CPU
		{4FDD6C93-A544-4B21-AFD2-A50C7C2AB39F}.Release|x64.ActiveCfg = Release|Any CPU
		{4FDD6C93-A544-4B21-AFD2-A50C7C2AB39F}.Release|x64.Build.0 = Release|Any CPU
		{4FDD6C93-A544-4B21-AFD2-A50C7C2AB39F}.Release|x86.ActiveCfg = Release|Any CPU
		{4FDD6C93-A544-4B21-AFD2-A50C7C2AB39F}.Release|x86.Build.0 = Release|Any CPU
		{2E1F9A7C-D530-4B82-BF24-A50558494505}.Debug|Any CPU.ActiveCfg = Debug|Any CPU
		{2E1F9A7C-D530-4B82-BF24-A50558494505}.Debug|Any CPU.Build.0 = Debug|Any CPU
		{2E1F9A7C-D530-4B82-BF24-A50558494505}.Debug|x64.ActiveCfg = Debug|Any CPU
		{2E1F9A7C-D530-4B82-BF24-A50558494505}.Debug|x64.Build.0 = Debug|Any CPU
		{2E1F9A7C-D530-4B82-BF24-A50558494505}.Debug|x86.ActiveCfg = Debug|Any CPU
		{2E1F9A7C-D530-4B82-BF24-A50558494505}.Debug|x86.Build.0 = Debug|Any CPU
		{2E1F9A7C-D530-4B82-BF24-A50558494505}.Release|Any CPU.ActiveCfg = Release|Any CPU
		{2E1F9A7C-D530-4B82-BF24-A50558494505}.Release|Any CPU.Build.0 = Release|Any CPU
		{2E1F9A7C-D530-4B82-BF24-A50558494505}.Release|x64.ActiveCfg = Release|Any CPU
		{2E1F9A7C-D530-4B82-BF24-A50558494505}.Release|x64.Build.0 = Release|Any CPU
		{2E1F9A7C-D530-4B82-BF24-A50558494505}.Release|x86.ActiveCfg = Release|Any CPU
		{2E1F9A7C-D530-4B82-BF24-A50558494505}.Release|x86.Build.0 = Release|Any CPU
		{813466D8-56A1-4D54-A569-9EC94C4616C1}.Debug|Any CPU.ActiveCfg = Debug|Any CPU
		{813466D8-56A1-4D54-A569-9EC94C4616C1}.Debug|Any CPU.Build.0 = Debug|Any CPU
		{813466D8-56A1-4D54-A569-9EC94C4616C1}.Debug|x64.ActiveCfg = Debug|Any CPU
		{813466D8-56A1-4D54-A569-9EC94C4616C1}.Debug|x64.Build.0 = Debug|Any CPU
		{813466D8-56A1-4D54-A569-9EC94C4616C1}.Debug|x86.ActiveCfg = Debug|Any CPU
		{813466D8-56A1-4D54-A569-9EC94C4616C1}.Debug|x86.Build.0 = Debug|Any CPU
		{813466D8-56A1-4D54-A569-9EC94C4616C1}.Release|Any CPU.ActiveCfg = Release|Any CPU
		{813466D8-56A1-4D54-A569-9EC94C4616C1}.Release|Any CPU.Build.0 = Release|Any CPU
		{813466D8-56A1-4D54-A569-9EC94C4616C1}.Release|x64.ActiveCfg = Release|Any CPU
		{813466D8-56A1-4D54-A569-9EC94C4616C1}.Release|x64.Build.0 = Release|Any CPU
		{813466D8-56A1-4D54-A569-9EC94C4616C1}.Release|x86.ActiveCfg = Release|Any CPU
		{813466D8-56A1-4D54-A569-9EC94C4616C1}.Release|x86.Build.0 = Release|Any CPU
		{B295E65B-CB37-4A95-B01F-B86780344351}.Debug|Any CPU.ActiveCfg = Debug|Any CPU
		{B295E65B-CB37-4A95-B01F-B86780344351}.Debug|Any CPU.Build.0 = Debug|Any CPU
		{B295E65B-CB37-4A95-B01F-B86780344351}.Debug|x64.ActiveCfg = Debug|Any CPU
		{B295E65B-CB37-4A95-B01F-B86780344351}.Debug|x64.Build.0 = Debug|Any CPU
		{B295E65B-CB37-4A95-B01F-B86780344351}.Debug|x86.ActiveCfg = Debug|Any CPU
		{B295E65B-CB37-4A95-B01F-B86780344351}.Debug|x86.Build.0 = Debug|Any CPU
		{B295E65B-CB37-4A95-B01F-B86780344351}.Release|Any CPU.ActiveCfg = Release|Any CPU
		{B295E65B-CB37-4A95-B01F-B86780344351}.Release|Any CPU.Build.0 = Release|Any CPU
		{B295E65B-CB37-4A95-B01F-B86780344351}.Release|x64.ActiveCfg = Release|Any CPU
		{B295E65B-CB37-4A95-B01F-B86780344351}.Release|x64.Build.0 = Release|Any CPU
		{B295E65B-CB37-4A95-B01F-B86780344351}.Release|x86.ActiveCfg = Release|Any CPU
		{B295E65B-CB37-4A95-B01F-B86780344351}.Release|x86.Build.0 = Release|Any CPU
		{B35E5925-9DFC-4425-8BD5-B6592F93866C}.Debug|Any CPU.ActiveCfg = Debug|Any CPU
		{B35E5925-9DFC-4425-8BD5-B6592F93866C}.Debug|Any CPU.Build.0 = Debug|Any CPU
		{B35E5925-9DFC-4425-8BD5-B6592F93866C}.Debug|x64.ActiveCfg = Debug|Any CPU
		{B35E5925-9DFC-4425-8BD5-B6592F93866C}.Debug|x64.Build.0 = Debug|Any CPU
		{B35E5925-9DFC-4425-8BD5-B6592F93866C}.Debug|x86.ActiveCfg = Debug|Any CPU
		{B35E5925-9DFC-4425-8BD5-B6592F93866C}.Debug|x86.Build.0 = Debug|Any CPU
		{B35E5925-9DFC-4425-8BD5-B6592F93866C}.Release|Any CPU.ActiveCfg = Release|Any CPU
		{B35E5925-9DFC-4425-8BD5-B6592F93866C}.Release|Any CPU.Build.0 = Release|Any CPU
		{B35E5925-9DFC-4425-8BD5-B6592F93866C}.Release|x64.ActiveCfg = Release|Any CPU
		{B35E5925-9DFC-4425-8BD5-B6592F93866C}.Release|x64.Build.0 = Release|Any CPU
		{B35E5925-9DFC-4425-8BD5-B6592F93866C}.Release|x86.ActiveCfg = Release|Any CPU
		{B35E5925-9DFC-4425-8BD5-B6592F93866C}.Release|x86.Build.0 = Release|Any CPU
		{748C8286-32E6-4C24-AA10-BAA48C09ACD5}.Debug|Any CPU.ActiveCfg = Debug|Any CPU
		{748C8286-32E6-4C24-AA10-BAA48C09ACD5}.Debug|Any CPU.Build.0 = Debug|Any CPU
		{748C8286-32E6-4C24-AA10-BAA48C09ACD5}.Debug|x64.ActiveCfg = Debug|Any CPU
		{748C8286-32E6-4C24-AA10-BAA48C09ACD5}.Debug|x64.Build.0 = Debug|Any CPU
		{748C8286-32E6-4C24-AA10-BAA48C09ACD5}.Debug|x86.ActiveCfg = Debug|Any CPU
		{748C8286-32E6-4C24-AA10-BAA48C09ACD5}.Debug|x86.Build.0 = Debug|Any CPU
		{748C8286-32E6-4C24-AA10-BAA48C09ACD5}.Release|Any CPU.ActiveCfg = Release|Any CPU
		{748C8286-32E6-4C24-AA10-BAA48C09ACD5}.Release|Any CPU.Build.0 = Release|Any CPU
		{748C8286-32E6-4C24-AA10-BAA48C09ACD5}.Release|x64.ActiveCfg = Release|Any CPU
		{748C8286-32E6-4C24-AA10-BAA48C09ACD5}.Release|x64.Build.0 = Release|Any CPU
		{748C8286-32E6-4C24-AA10-BAA48C09ACD5}.Release|x86.ActiveCfg = Release|Any CPU
		{748C8286-32E6-4C24-AA10-BAA48C09ACD5}.Release|x86.Build.0 = Release|Any CPU
		{EFC2035C-4576-4817-BFEC-D4877B634EE0}.Debug|Any CPU.ActiveCfg = Debug|Any CPU
		{EFC2035C-4576-4817-BFEC-D4877B634EE0}.Debug|Any CPU.Build.0 = Debug|Any CPU
		{EFC2035C-4576-4817-BFEC-D4877B634EE0}.Debug|x64.ActiveCfg = Debug|Any CPU
		{EFC2035C-4576-4817-BFEC-D4877B634EE0}.Debug|x64.Build.0 = Debug|Any CPU
		{EFC2035C-4576-4817-BFEC-D4877B634EE0}.Debug|x86.ActiveCfg = Debug|Any CPU
		{EFC2035C-4576-4817-BFEC-D4877B634EE0}.Debug|x86.Build.0 = Debug|Any CPU
		{EFC2035C-4576-4817-BFEC-D4877B634EE0}.Release|Any CPU.ActiveCfg = Release|Any CPU
		{EFC2035C-4576-4817-BFEC-D4877B634EE0}.Release|Any CPU.Build.0 = Release|Any CPU
		{EFC2035C-4576-4817-BFEC-D4877B634EE0}.Release|x64.ActiveCfg = Release|Any CPU
		{EFC2035C-4576-4817-BFEC-D4877B634EE0}.Release|x64.Build.0 = Release|Any CPU
		{EFC2035C-4576-4817-BFEC-D4877B634EE0}.Release|x86.ActiveCfg = Release|Any CPU
		{EFC2035C-4576-4817-BFEC-D4877B634EE0}.Release|x86.Build.0 = Release|Any CPU
		{2947760F-C02D-4DB2-9C39-D533FE5D957B}.Debug|Any CPU.ActiveCfg = Debug|Any CPU
		{2947760F-C02D-4DB2-9C39-D533FE5D957B}.Debug|Any CPU.Build.0 = Debug|Any CPU
		{2947760F-C02D-4DB2-9C39-D533FE5D957B}.Debug|x64.ActiveCfg = Debug|Any CPU
		{2947760F-C02D-4DB2-9C39-D533FE5D957B}.Debug|x64.Build.0 = Debug|Any CPU
		{2947760F-C02D-4DB2-9C39-D533FE5D957B}.Debug|x86.ActiveCfg = Debug|Any CPU
		{2947760F-C02D-4DB2-9C39-D533FE5D957B}.Debug|x86.Build.0 = Debug|Any CPU
		{2947760F-C02D-4DB2-9C39-D533FE5D957B}.Release|Any CPU.ActiveCfg = Release|Any CPU
		{2947760F-C02D-4DB2-9C39-D533FE5D957B}.Release|Any CPU.Build.0 = Release|Any CPU
		{2947760F-C02D-4DB2-9C39-D533FE5D957B}.Release|x64.ActiveCfg = Release|Any CPU
		{2947760F-C02D-4DB2-9C39-D533FE5D957B}.Release|x64.Build.0 = Release|Any CPU
		{2947760F-C02D-4DB2-9C39-D533FE5D957B}.Release|x86.ActiveCfg = Release|Any CPU
		{2947760F-C02D-4DB2-9C39-D533FE5D957B}.Release|x86.Build.0 = Release|Any CPU
		{8569CA48-CA03-42CF-9EF7-DF01E7A70DAF}.Debug|Any CPU.ActiveCfg = Debug|Any CPU
		{8569CA48-CA03-42CF-9EF7-DF01E7A70DAF}.Debug|Any CPU.Build.0 = Debug|Any CPU
		{8569CA48-CA03-42CF-9EF7-DF01E7A70DAF}.Debug|x64.ActiveCfg = Debug|Any CPU
		{8569CA48-CA03-42CF-9EF7-DF01E7A70DAF}.Debug|x64.Build.0 = Debug|Any CPU
		{8569CA48-CA03-42CF-9EF7-DF01E7A70DAF}.Debug|x86.ActiveCfg = Debug|Any CPU
		{8569CA48-CA03-42CF-9EF7-DF01E7A70DAF}.Debug|x86.Build.0 = Debug|Any CPU
		{8569CA48-CA03-42CF-9EF7-DF01E7A70DAF}.Release|Any CPU.ActiveCfg = Release|Any CPU
		{8569CA48-CA03-42CF-9EF7-DF01E7A70DAF}.Release|Any CPU.Build.0 = Release|Any CPU
		{8569CA48-CA03-42CF-9EF7-DF01E7A70DAF}.Release|x64.ActiveCfg = Release|Any CPU
		{8569CA48-CA03-42CF-9EF7-DF01E7A70DAF}.Release|x64.Build.0 = Release|Any CPU
		{8569CA48-CA03-42CF-9EF7-DF01E7A70DAF}.Release|x86.ActiveCfg = Release|Any CPU
		{8569CA48-CA03-42CF-9EF7-DF01E7A70DAF}.Release|x86.Build.0 = Release|Any CPU
		{645F04E8-0D09-4BE4-8F77-C7795B714838}.Debug|Any CPU.ActiveCfg = Debug|Any CPU
		{645F04E8-0D09-4BE4-8F77-C7795B714838}.Debug|Any CPU.Build.0 = Debug|Any CPU
		{645F04E8-0D09-4BE4-8F77-C7795B714838}.Debug|x64.ActiveCfg = Debug|Any CPU
		{645F04E8-0D09-4BE4-8F77-C7795B714838}.Debug|x64.Build.0 = Debug|Any CPU
		{645F04E8-0D09-4BE4-8F77-C7795B714838}.Debug|x86.ActiveCfg = Debug|Any CPU
		{645F04E8-0D09-4BE4-8F77-C7795B714838}.Debug|x86.Build.0 = Debug|Any CPU
		{645F04E8-0D09-4BE4-8F77-C7795B714838}.Release|Any CPU.ActiveCfg = Release|Any CPU
		{645F04E8-0D09-4BE4-8F77-C7795B714838}.Release|Any CPU.Build.0 = Release|Any CPU
		{645F04E8-0D09-4BE4-8F77-C7795B714838}.Release|x64.ActiveCfg = Release|Any CPU
		{645F04E8-0D09-4BE4-8F77-C7795B714838}.Release|x64.Build.0 = Release|Any CPU
		{645F04E8-0D09-4BE4-8F77-C7795B714838}.Release|x86.ActiveCfg = Release|Any CPU
		{645F04E8-0D09-4BE4-8F77-C7795B714838}.Release|x86.Build.0 = Release|Any CPU
		{72F09D99-5A27-4F28-A4BE-868D332F9C9E}.Debug|Any CPU.ActiveCfg = Debug|Any CPU
		{72F09D99-5A27-4F28-A4BE-868D332F9C9E}.Debug|Any CPU.Build.0 = Debug|Any CPU
		{72F09D99-5A27-4F28-A4BE-868D332F9C9E}.Debug|x64.ActiveCfg = Debug|Any CPU
		{72F09D99-5A27-4F28-A4BE-868D332F9C9E}.Debug|x64.Build.0 = Debug|Any CPU
		{72F09D99-5A27-4F28-A4BE-868D332F9C9E}.Debug|x86.ActiveCfg = Debug|Any CPU
		{72F09D99-5A27-4F28-A4BE-868D332F9C9E}.Debug|x86.Build.0 = Debug|Any CPU
		{72F09D99-5A27-4F28-A4BE-868D332F9C9E}.Release|Any CPU.ActiveCfg = Release|Any CPU
		{72F09D99-5A27-4F28-A4BE-868D332F9C9E}.Release|Any CPU.Build.0 = Release|Any CPU
		{72F09D99-5A27-4F28-A4BE-868D332F9C9E}.Release|x64.ActiveCfg = Release|Any CPU
		{72F09D99-5A27-4F28-A4BE-868D332F9C9E}.Release|x64.Build.0 = Release|Any CPU
		{72F09D99-5A27-4F28-A4BE-868D332F9C9E}.Release|x86.ActiveCfg = Release|Any CPU
		{72F09D99-5A27-4F28-A4BE-868D332F9C9E}.Release|x86.Build.0 = Release|Any CPU
		{4FA22BA3-605A-4AFB-BDC7-E06186C8408E}.Debug|Any CPU.ActiveCfg = Debug|Any CPU
		{4FA22BA3-605A-4AFB-BDC7-E06186C8408E}.Debug|Any CPU.Build.0 = Debug|Any CPU
		{4FA22BA3-605A-4AFB-BDC7-E06186C8408E}.Debug|x64.ActiveCfg = Debug|Any CPU
		{4FA22BA3-605A-4AFB-BDC7-E06186C8408E}.Debug|x64.Build.0 = Debug|Any CPU
		{4FA22BA3-605A-4AFB-BDC7-E06186C8408E}.Debug|x86.ActiveCfg = Debug|Any CPU
		{4FA22BA3-605A-4AFB-BDC7-E06186C8408E}.Debug|x86.Build.0 = Debug|Any CPU
		{4FA22BA3-605A-4AFB-BDC7-E06186C8408E}.Release|Any CPU.ActiveCfg = Release|Any CPU
		{4FA22BA3-605A-4AFB-BDC7-E06186C8408E}.Release|Any CPU.Build.0 = Release|Any CPU
		{4FA22BA3-605A-4AFB-BDC7-E06186C8408E}.Release|x64.ActiveCfg = Release|Any CPU
		{4FA22BA3-605A-4AFB-BDC7-E06186C8408E}.Release|x64.Build.0 = Release|Any CPU
		{4FA22BA3-605A-4AFB-BDC7-E06186C8408E}.Release|x86.ActiveCfg = Release|Any CPU
		{4FA22BA3-605A-4AFB-BDC7-E06186C8408E}.Release|x86.Build.0 = Release|Any CPU
		{D931E656-1AE7-407D-B730-7DBF3D0E4A9F}.Debug|Any CPU.ActiveCfg = Debug|Any CPU
		{D931E656-1AE7-407D-B730-7DBF3D0E4A9F}.Debug|Any CPU.Build.0 = Debug|Any CPU
		{D931E656-1AE7-407D-B730-7DBF3D0E4A9F}.Debug|x64.ActiveCfg = Debug|Any CPU
		{D931E656-1AE7-407D-B730-7DBF3D0E4A9F}.Debug|x64.Build.0 = Debug|Any CPU
		{D931E656-1AE7-407D-B730-7DBF3D0E4A9F}.Debug|x86.ActiveCfg = Debug|Any CPU
		{D931E656-1AE7-407D-B730-7DBF3D0E4A9F}.Debug|x86.Build.0 = Debug|Any CPU
		{D931E656-1AE7-407D-B730-7DBF3D0E4A9F}.Release|Any CPU.ActiveCfg = Release|Any CPU
		{D931E656-1AE7-407D-B730-7DBF3D0E4A9F}.Release|Any CPU.Build.0 = Release|Any CPU
		{D931E656-1AE7-407D-B730-7DBF3D0E4A9F}.Release|x64.ActiveCfg = Release|Any CPU
		{D931E656-1AE7-407D-B730-7DBF3D0E4A9F}.Release|x64.Build.0 = Release|Any CPU
		{D931E656-1AE7-407D-B730-7DBF3D0E4A9F}.Release|x86.ActiveCfg = Release|Any CPU
		{D931E656-1AE7-407D-B730-7DBF3D0E4A9F}.Release|x86.Build.0 = Release|Any CPU
		{BB714910-E5B0-4672-A22A-E2E260CBC0BC}.Debug|Any CPU.ActiveCfg = Debug|Any CPU
		{BB714910-E5B0-4672-A22A-E2E260CBC0BC}.Debug|Any CPU.Build.0 = Debug|Any CPU
		{BB714910-E5B0-4672-A22A-E2E260CBC0BC}.Debug|x64.ActiveCfg = Debug|Any CPU
		{BB714910-E5B0-4672-A22A-E2E260CBC0BC}.Debug|x64.Build.0 = Debug|Any CPU
		{BB714910-E5B0-4672-A22A-E2E260CBC0BC}.Debug|x86.ActiveCfg = Debug|Any CPU
		{BB714910-E5B0-4672-A22A-E2E260CBC0BC}.Debug|x86.Build.0 = Debug|Any CPU
		{BB714910-E5B0-4672-A22A-E2E260CBC0BC}.Release|Any CPU.ActiveCfg = Release|Any CPU
		{BB714910-E5B0-4672-A22A-E2E260CBC0BC}.Release|Any CPU.Build.0 = Release|Any CPU
		{BB714910-E5B0-4672-A22A-E2E260CBC0BC}.Release|x64.ActiveCfg = Release|Any CPU
		{BB714910-E5B0-4672-A22A-E2E260CBC0BC}.Release|x64.Build.0 = Release|Any CPU
		{BB714910-E5B0-4672-A22A-E2E260CBC0BC}.Release|x86.ActiveCfg = Release|Any CPU
		{BB714910-E5B0-4672-A22A-E2E260CBC0BC}.Release|x86.Build.0 = Release|Any CPU
		{AB67D23D-8EE8-438C-9CC1-E576705FAB21}.Debug|Any CPU.ActiveCfg = Debug|Any CPU
		{AB67D23D-8EE8-438C-9CC1-E576705FAB21}.Debug|Any CPU.Build.0 = Debug|Any CPU
		{AB67D23D-8EE8-438C-9CC1-E576705FAB21}.Debug|x64.ActiveCfg = Debug|Any CPU
		{AB67D23D-8EE8-438C-9CC1-E576705FAB21}.Debug|x64.Build.0 = Debug|Any CPU
		{AB67D23D-8EE8-438C-9CC1-E576705FAB21}.Debug|x86.ActiveCfg = Debug|Any CPU
		{AB67D23D-8EE8-438C-9CC1-E576705FAB21}.Debug|x86.Build.0 = Debug|Any CPU
		{AB67D23D-8EE8-438C-9CC1-E576705FAB21}.Release|Any CPU.ActiveCfg = Release|Any CPU
		{AB67D23D-8EE8-438C-9CC1-E576705FAB21}.Release|Any CPU.Build.0 = Release|Any CPU
		{AB67D23D-8EE8-438C-9CC1-E576705FAB21}.Release|x64.ActiveCfg = Release|Any CPU
		{AB67D23D-8EE8-438C-9CC1-E576705FAB21}.Release|x64.Build.0 = Release|Any CPU
		{AB67D23D-8EE8-438C-9CC1-E576705FAB21}.Release|x86.ActiveCfg = Release|Any CPU
		{AB67D23D-8EE8-438C-9CC1-E576705FAB21}.Release|x86.Build.0 = Release|Any CPU
		{41FF2A28-DED7-4685-8027-A0246008DCF0}.Debug|Any CPU.ActiveCfg = Debug|Any CPU
		{41FF2A28-DED7-4685-8027-A0246008DCF0}.Debug|Any CPU.Build.0 = Debug|Any CPU
		{41FF2A28-DED7-4685-8027-A0246008DCF0}.Debug|x64.ActiveCfg = Debug|Any CPU
		{41FF2A28-DED7-4685-8027-A0246008DCF0}.Debug|x64.Build.0 = Debug|Any CPU
		{41FF2A28-DED7-4685-8027-A0246008DCF0}.Debug|x86.ActiveCfg = Debug|Any CPU
		{41FF2A28-DED7-4685-8027-A0246008DCF0}.Debug|x86.Build.0 = Debug|Any CPU
		{41FF2A28-DED7-4685-8027-A0246008DCF0}.Release|Any CPU.ActiveCfg = Release|Any CPU
		{41FF2A28-DED7-4685-8027-A0246008DCF0}.Release|Any CPU.Build.0 = Release|Any CPU
		{41FF2A28-DED7-4685-8027-A0246008DCF0}.Release|x64.ActiveCfg = Release|Any CPU
		{41FF2A28-DED7-4685-8027-A0246008DCF0}.Release|x64.Build.0 = Release|Any CPU
		{41FF2A28-DED7-4685-8027-A0246008DCF0}.Release|x86.ActiveCfg = Release|Any CPU
		{41FF2A28-DED7-4685-8027-A0246008DCF0}.Release|x86.Build.0 = Release|Any CPU
		{EAF67315-8369-437A-8C0C-6DDE52236F64}.Debug|Any CPU.ActiveCfg = Debug|Any CPU
		{EAF67315-8369-437A-8C0C-6DDE52236F64}.Debug|Any CPU.Build.0 = Debug|Any CPU
		{EAF67315-8369-437A-8C0C-6DDE52236F64}.Debug|x64.ActiveCfg = Debug|Any CPU
		{EAF67315-8369-437A-8C0C-6DDE52236F64}.Debug|x64.Build.0 = Debug|Any CPU
		{EAF67315-8369-437A-8C0C-6DDE52236F64}.Debug|x86.ActiveCfg = Debug|Any CPU
		{EAF67315-8369-437A-8C0C-6DDE52236F64}.Debug|x86.Build.0 = Debug|Any CPU
		{EAF67315-8369-437A-8C0C-6DDE52236F64}.Release|Any CPU.ActiveCfg = Release|Any CPU
		{EAF67315-8369-437A-8C0C-6DDE52236F64}.Release|Any CPU.Build.0 = Release|Any CPU
		{EAF67315-8369-437A-8C0C-6DDE52236F64}.Release|x64.ActiveCfg = Release|Any CPU
		{EAF67315-8369-437A-8C0C-6DDE52236F64}.Release|x64.Build.0 = Release|Any CPU
		{EAF67315-8369-437A-8C0C-6DDE52236F64}.Release|x86.ActiveCfg = Release|Any CPU
		{EAF67315-8369-437A-8C0C-6DDE52236F64}.Release|x86.Build.0 = Release|Any CPU
		{2E7DFFAA-512E-4C7E-B867-E55E522F01D5}.Debug|Any CPU.ActiveCfg = Debug|Any CPU
		{2E7DFFAA-512E-4C7E-B867-E55E522F01D5}.Debug|Any CPU.Build.0 = Debug|Any CPU
		{2E7DFFAA-512E-4C7E-B867-E55E522F01D5}.Debug|x64.ActiveCfg = Debug|Any CPU
		{2E7DFFAA-512E-4C7E-B867-E55E522F01D5}.Debug|x64.Build.0 = Debug|Any CPU
		{2E7DFFAA-512E-4C7E-B867-E55E522F01D5}.Debug|x86.ActiveCfg = Debug|Any CPU
		{2E7DFFAA-512E-4C7E-B867-E55E522F01D5}.Debug|x86.Build.0 = Debug|Any CPU
		{2E7DFFAA-512E-4C7E-B867-E55E522F01D5}.Release|Any CPU.ActiveCfg = Release|Any CPU
		{2E7DFFAA-512E-4C7E-B867-E55E522F01D5}.Release|Any CPU.Build.0 = Release|Any CPU
		{2E7DFFAA-512E-4C7E-B867-E55E522F01D5}.Release|x64.ActiveCfg = Release|Any CPU
		{2E7DFFAA-512E-4C7E-B867-E55E522F01D5}.Release|x64.Build.0 = Release|Any CPU
		{2E7DFFAA-512E-4C7E-B867-E55E522F01D5}.Release|x86.ActiveCfg = Release|Any CPU
		{2E7DFFAA-512E-4C7E-B867-E55E522F01D5}.Release|x86.Build.0 = Release|Any CPU
		{8EC0561C-5171-409A-BE2A-1D2A73BC92D6}.Debug|Any CPU.ActiveCfg = Debug|Any CPU
		{8EC0561C-5171-409A-BE2A-1D2A73BC92D6}.Debug|Any CPU.Build.0 = Debug|Any CPU
		{8EC0561C-5171-409A-BE2A-1D2A73BC92D6}.Debug|x64.ActiveCfg = Debug|Any CPU
		{8EC0561C-5171-409A-BE2A-1D2A73BC92D6}.Debug|x64.Build.0 = Debug|Any CPU
		{8EC0561C-5171-409A-BE2A-1D2A73BC92D6}.Debug|x86.ActiveCfg = Debug|Any CPU
		{8EC0561C-5171-409A-BE2A-1D2A73BC92D6}.Debug|x86.Build.0 = Debug|Any CPU
		{8EC0561C-5171-409A-BE2A-1D2A73BC92D6}.Release|Any CPU.ActiveCfg = Release|Any CPU
		{8EC0561C-5171-409A-BE2A-1D2A73BC92D6}.Release|Any CPU.Build.0 = Release|Any CPU
		{8EC0561C-5171-409A-BE2A-1D2A73BC92D6}.Release|x64.ActiveCfg = Release|Any CPU
		{8EC0561C-5171-409A-BE2A-1D2A73BC92D6}.Release|x64.Build.0 = Release|Any CPU
		{8EC0561C-5171-409A-BE2A-1D2A73BC92D6}.Release|x86.ActiveCfg = Release|Any CPU
		{8EC0561C-5171-409A-BE2A-1D2A73BC92D6}.Release|x86.Build.0 = Release|Any CPU
		{6A731F89-D091-444C-94B2-8E20A2DB0DB9}.Debug|Any CPU.ActiveCfg = Debug|Any CPU
		{6A731F89-D091-444C-94B2-8E20A2DB0DB9}.Debug|Any CPU.Build.0 = Debug|Any CPU
		{6A731F89-D091-444C-94B2-8E20A2DB0DB9}.Debug|x64.ActiveCfg = Debug|Any CPU
		{6A731F89-D091-444C-94B2-8E20A2DB0DB9}.Debug|x64.Build.0 = Debug|Any CPU
		{6A731F89-D091-444C-94B2-8E20A2DB0DB9}.Debug|x86.ActiveCfg = Debug|Any CPU
		{6A731F89-D091-444C-94B2-8E20A2DB0DB9}.Debug|x86.Build.0 = Debug|Any CPU
		{6A731F89-D091-444C-94B2-8E20A2DB0DB9}.Release|Any CPU.ActiveCfg = Release|Any CPU
		{6A731F89-D091-444C-94B2-8E20A2DB0DB9}.Release|Any CPU.Build.0 = Release|Any CPU
		{6A731F89-D091-444C-94B2-8E20A2DB0DB9}.Release|x64.ActiveCfg = Release|Any CPU
		{6A731F89-D091-444C-94B2-8E20A2DB0DB9}.Release|x64.Build.0 = Release|Any CPU
		{6A731F89-D091-444C-94B2-8E20A2DB0DB9}.Release|x86.ActiveCfg = Release|Any CPU
		{6A731F89-D091-444C-94B2-8E20A2DB0DB9}.Release|x86.Build.0 = Release|Any CPU
		{01853DA8-501C-4B96-9E3F-80A79558AFED}.Debug|Any CPU.ActiveCfg = Debug|x64
		{01853DA8-501C-4B96-9E3F-80A79558AFED}.Debug|Any CPU.Build.0 = Debug|x64
		{01853DA8-501C-4B96-9E3F-80A79558AFED}.Debug|x64.ActiveCfg = Debug|x64
		{01853DA8-501C-4B96-9E3F-80A79558AFED}.Debug|x64.Build.0 = Debug|x64
		{01853DA8-501C-4B96-9E3F-80A79558AFED}.Debug|x86.ActiveCfg = Debug|x64
		{01853DA8-501C-4B96-9E3F-80A79558AFED}.Debug|x86.Build.0 = Debug|x64
		{01853DA8-501C-4B96-9E3F-80A79558AFED}.Release|Any CPU.ActiveCfg = Release|x64
		{01853DA8-501C-4B96-9E3F-80A79558AFED}.Release|Any CPU.Build.0 = Release|x64
		{01853DA8-501C-4B96-9E3F-80A79558AFED}.Release|x64.ActiveCfg = Release|x64
		{01853DA8-501C-4B96-9E3F-80A79558AFED}.Release|x64.Build.0 = Release|x64
		{01853DA8-501C-4B96-9E3F-80A79558AFED}.Release|x86.ActiveCfg = Release|x64
		{01853DA8-501C-4B96-9E3F-80A79558AFED}.Release|x86.Build.0 = Release|x64
		{0F1E3074-27BD-416E-B510-83FB2DC1FA29}.Debug|Any CPU.ActiveCfg = Debug|Any CPU
		{0F1E3074-27BD-416E-B510-83FB2DC1FA29}.Debug|Any CPU.Build.0 = Debug|Any CPU
		{0F1E3074-27BD-416E-B510-83FB2DC1FA29}.Debug|x64.ActiveCfg = Debug|Any CPU
		{0F1E3074-27BD-416E-B510-83FB2DC1FA29}.Debug|x64.Build.0 = Debug|Any CPU
		{0F1E3074-27BD-416E-B510-83FB2DC1FA29}.Debug|x86.ActiveCfg = Debug|Any CPU
		{0F1E3074-27BD-416E-B510-83FB2DC1FA29}.Debug|x86.Build.0 = Debug|Any CPU
		{0F1E3074-27BD-416E-B510-83FB2DC1FA29}.Release|Any CPU.ActiveCfg = Release|Any CPU
		{0F1E3074-27BD-416E-B510-83FB2DC1FA29}.Release|Any CPU.Build.0 = Release|Any CPU
		{0F1E3074-27BD-416E-B510-83FB2DC1FA29}.Release|x64.ActiveCfg = Release|Any CPU
		{0F1E3074-27BD-416E-B510-83FB2DC1FA29}.Release|x64.Build.0 = Release|Any CPU
		{0F1E3074-27BD-416E-B510-83FB2DC1FA29}.Release|x86.ActiveCfg = Release|Any CPU
		{0F1E3074-27BD-416E-B510-83FB2DC1FA29}.Release|x86.Build.0 = Release|Any CPU
		{C1C39DFA-E521-4D5B-B342-9B827E456050}.Debug|Any CPU.ActiveCfg = Debug|Any CPU
		{C1C39DFA-E521-4D5B-B342-9B827E456050}.Debug|Any CPU.Build.0 = Debug|Any CPU
		{C1C39DFA-E521-4D5B-B342-9B827E456050}.Debug|x64.ActiveCfg = Debug|Any CPU
		{C1C39DFA-E521-4D5B-B342-9B827E456050}.Debug|x64.Build.0 = Debug|Any CPU
		{C1C39DFA-E521-4D5B-B342-9B827E456050}.Debug|x86.ActiveCfg = Debug|Any CPU
		{C1C39DFA-E521-4D5B-B342-9B827E456050}.Debug|x86.Build.0 = Debug|Any CPU
		{C1C39DFA-E521-4D5B-B342-9B827E456050}.Release|Any CPU.ActiveCfg = Release|Any CPU
		{C1C39DFA-E521-4D5B-B342-9B827E456050}.Release|Any CPU.Build.0 = Release|Any CPU
		{C1C39DFA-E521-4D5B-B342-9B827E456050}.Release|x64.ActiveCfg = Release|Any CPU
		{C1C39DFA-E521-4D5B-B342-9B827E456050}.Release|x64.Build.0 = Release|Any CPU
		{C1C39DFA-E521-4D5B-B342-9B827E456050}.Release|x86.ActiveCfg = Release|Any CPU
		{C1C39DFA-E521-4D5B-B342-9B827E456050}.Release|x86.Build.0 = Release|Any CPU
		{4C835A49-E394-4665-B901-BCD20434F7B2}.Debug|Any CPU.ActiveCfg = Debug|Any CPU
		{4C835A49-E394-4665-B901-BCD20434F7B2}.Debug|Any CPU.Build.0 = Debug|Any CPU
		{4C835A49-E394-4665-B901-BCD20434F7B2}.Debug|x64.ActiveCfg = Debug|Any CPU
		{4C835A49-E394-4665-B901-BCD20434F7B2}.Debug|x64.Build.0 = Debug|Any CPU
		{4C835A49-E394-4665-B901-BCD20434F7B2}.Debug|x86.ActiveCfg = Debug|Any CPU
		{4C835A49-E394-4665-B901-BCD20434F7B2}.Debug|x86.Build.0 = Debug|Any CPU
		{4C835A49-E394-4665-B901-BCD20434F7B2}.Release|Any CPU.ActiveCfg = Release|Any CPU
		{4C835A49-E394-4665-B901-BCD20434F7B2}.Release|Any CPU.Build.0 = Release|Any CPU
		{4C835A49-E394-4665-B901-BCD20434F7B2}.Release|x64.ActiveCfg = Release|Any CPU
		{4C835A49-E394-4665-B901-BCD20434F7B2}.Release|x64.Build.0 = Release|Any CPU
		{4C835A49-E394-4665-B901-BCD20434F7B2}.Release|x86.ActiveCfg = Release|Any CPU
		{4C835A49-E394-4665-B901-BCD20434F7B2}.Release|x86.Build.0 = Release|Any CPU
		{A0685AFD-7A95-4B9C-82A3-C2E3F5B66C64}.Debug|Any CPU.ActiveCfg = Debug|Any CPU
		{A0685AFD-7A95-4B9C-82A3-C2E3F5B66C64}.Debug|Any CPU.Build.0 = Debug|Any CPU
		{A0685AFD-7A95-4B9C-82A3-C2E3F5B66C64}.Debug|x64.ActiveCfg = Debug|Any CPU
		{A0685AFD-7A95-4B9C-82A3-C2E3F5B66C64}.Debug|x64.Build.0 = Debug|Any CPU
		{A0685AFD-7A95-4B9C-82A3-C2E3F5B66C64}.Debug|x86.ActiveCfg = Debug|Any CPU
		{A0685AFD-7A95-4B9C-82A3-C2E3F5B66C64}.Debug|x86.Build.0 = Debug|Any CPU
		{A0685AFD-7A95-4B9C-82A3-C2E3F5B66C64}.Release|Any CPU.ActiveCfg = Release|Any CPU
		{A0685AFD-7A95-4B9C-82A3-C2E3F5B66C64}.Release|Any CPU.Build.0 = Release|Any CPU
		{A0685AFD-7A95-4B9C-82A3-C2E3F5B66C64}.Release|x64.ActiveCfg = Release|Any CPU
		{A0685AFD-7A95-4B9C-82A3-C2E3F5B66C64}.Release|x64.Build.0 = Release|Any CPU
		{A0685AFD-7A95-4B9C-82A3-C2E3F5B66C64}.Release|x86.ActiveCfg = Release|Any CPU
		{A0685AFD-7A95-4B9C-82A3-C2E3F5B66C64}.Release|x86.Build.0 = Release|Any CPU
		{B29B63A4-7271-4625-8644-856BAA0BA5A1}.Debug|Any CPU.ActiveCfg = Debug|Any CPU
		{B29B63A4-7271-4625-8644-856BAA0BA5A1}.Debug|Any CPU.Build.0 = Debug|Any CPU
		{B29B63A4-7271-4625-8644-856BAA0BA5A1}.Debug|x64.ActiveCfg = Debug|Any CPU
		{B29B63A4-7271-4625-8644-856BAA0BA5A1}.Debug|x64.Build.0 = Debug|Any CPU
		{B29B63A4-7271-4625-8644-856BAA0BA5A1}.Debug|x86.ActiveCfg = Debug|Any CPU
		{B29B63A4-7271-4625-8644-856BAA0BA5A1}.Debug|x86.Build.0 = Debug|Any CPU
		{B29B63A4-7271-4625-8644-856BAA0BA5A1}.Release|Any CPU.ActiveCfg = Release|Any CPU
		{B29B63A4-7271-4625-8644-856BAA0BA5A1}.Release|Any CPU.Build.0 = Release|Any CPU
		{B29B63A4-7271-4625-8644-856BAA0BA5A1}.Release|x64.ActiveCfg = Release|Any CPU
		{B29B63A4-7271-4625-8644-856BAA0BA5A1}.Release|x64.Build.0 = Release|Any CPU
		{B29B63A4-7271-4625-8644-856BAA0BA5A1}.Release|x86.ActiveCfg = Release|Any CPU
		{B29B63A4-7271-4625-8644-856BAA0BA5A1}.Release|x86.Build.0 = Release|Any CPU
		{86BAEB93-EB25-436C-8BB6-27FE9784988E}.Debug|Any CPU.ActiveCfg = Debug|Any CPU
		{86BAEB93-EB25-436C-8BB6-27FE9784988E}.Debug|Any CPU.Build.0 = Debug|Any CPU
		{86BAEB93-EB25-436C-8BB6-27FE9784988E}.Debug|x64.ActiveCfg = Debug|Any CPU
		{86BAEB93-EB25-436C-8BB6-27FE9784988E}.Debug|x64.Build.0 = Debug|Any CPU
		{86BAEB93-EB25-436C-8BB6-27FE9784988E}.Debug|x86.ActiveCfg = Debug|Any CPU
		{86BAEB93-EB25-436C-8BB6-27FE9784988E}.Debug|x86.Build.0 = Debug|Any CPU
		{86BAEB93-EB25-436C-8BB6-27FE9784988E}.Release|Any CPU.ActiveCfg = Release|Any CPU
		{86BAEB93-EB25-436C-8BB6-27FE9784988E}.Release|Any CPU.Build.0 = Release|Any CPU
		{86BAEB93-EB25-436C-8BB6-27FE9784988E}.Release|x64.ActiveCfg = Release|Any CPU
		{86BAEB93-EB25-436C-8BB6-27FE9784988E}.Release|x64.Build.0 = Release|Any CPU
		{86BAEB93-EB25-436C-8BB6-27FE9784988E}.Release|x86.ActiveCfg = Release|Any CPU
		{86BAEB93-EB25-436C-8BB6-27FE9784988E}.Release|x86.Build.0 = Release|Any CPU
		{E2B7D077-9966-49CC-91F2-3CC6B38C688B}.Debug|Any CPU.ActiveCfg = Debug|Any CPU
		{E2B7D077-9966-49CC-91F2-3CC6B38C688B}.Debug|Any CPU.Build.0 = Debug|Any CPU
		{E2B7D077-9966-49CC-91F2-3CC6B38C688B}.Debug|x64.ActiveCfg = Debug|Any CPU
		{E2B7D077-9966-49CC-91F2-3CC6B38C688B}.Debug|x64.Build.0 = Debug|Any CPU
		{E2B7D077-9966-49CC-91F2-3CC6B38C688B}.Debug|x86.ActiveCfg = Debug|Any CPU
		{E2B7D077-9966-49CC-91F2-3CC6B38C688B}.Debug|x86.Build.0 = Debug|Any CPU
		{E2B7D077-9966-49CC-91F2-3CC6B38C688B}.Release|Any CPU.ActiveCfg = Release|Any CPU
		{E2B7D077-9966-49CC-91F2-3CC6B38C688B}.Release|Any CPU.Build.0 = Release|Any CPU
		{E2B7D077-9966-49CC-91F2-3CC6B38C688B}.Release|x64.ActiveCfg = Release|Any CPU
		{E2B7D077-9966-49CC-91F2-3CC6B38C688B}.Release|x64.Build.0 = Release|Any CPU
		{E2B7D077-9966-49CC-91F2-3CC6B38C688B}.Release|x86.ActiveCfg = Release|Any CPU
		{E2B7D077-9966-49CC-91F2-3CC6B38C688B}.Release|x86.Build.0 = Release|Any CPU
	EndGlobalSection
	GlobalSection(SolutionProperties) = preSolution
		HideSolutionNode = FALSE
	EndGlobalSection
	GlobalSection(NestedProjects) = preSolution
		{7F466960-326A-44F3-8149-B9F29403CFAA} = {C89D99F0-2EB0-4CFE-9350-8CFC97A9DFF7}
		{7815EB78-2F96-42FA-915A-B7C0B7A476D1} = {C89D99F0-2EB0-4CFE-9350-8CFC97A9DFF7}
		{DDE4D97F-2492-4A69-9ECE-DFA92B54E8CE} = {C89D99F0-2EB0-4CFE-9350-8CFC97A9DFF7}
		{C89D99F0-2EB0-4CFE-9350-8CFC97A9DFF7} = {AB033906-6070-4028-8E1E-4E5D70B94A7B}
		{6B22BE78-5536-4CE2-BAE9-A47A2EA66599} = {C89D99F0-2EB0-4CFE-9350-8CFC97A9DFF7}
		{F4707225-89CA-43DD-BB37-64E259ED9750} = {AB033906-6070-4028-8E1E-4E5D70B94A7B}
		{9ACD9800-084A-46E1-AC8A-EA1047DDB879} = {F4707225-89CA-43DD-BB37-64E259ED9750}
		{5EEDADBF-71F0-48DD-9323-056398F7FDF2} = {F4707225-89CA-43DD-BB37-64E259ED9750}
		{96E97A83-F536-47E5-BCC6-3697251CE723} = {F4707225-89CA-43DD-BB37-64E259ED9750}
		{FC55A0CB-E1D8-40FE-B273-AE7D8ED97EA0} = {C0AB3362-10A1-4362-9A96-41EF6508859E}
		{11901025-4B26-45F3-BBC4-C546880A2B96} = {FC55A0CB-E1D8-40FE-B273-AE7D8ED97EA0}
		{D08113D5-C4EE-4CFB-AECA-F5AE076F3C37} = {FC55A0CB-E1D8-40FE-B273-AE7D8ED97EA0}
		{4FDD6C93-A544-4B21-AFD2-A50C7C2AB39F} = {309F8300-1BBA-436D-BC19-2BDAFF596BEC}
		{2E1F9A7C-D530-4B82-BF24-A50558494505} = {309F8300-1BBA-436D-BC19-2BDAFF596BEC}
		{2B798F7F-C35A-4224-8222-C3FA8EB6E640} = {C0AB3362-10A1-4362-9A96-41EF6508859E}
		{813466D8-56A1-4D54-A569-9EC94C4616C1} = {2B798F7F-C35A-4224-8222-C3FA8EB6E640}
		{B295E65B-CB37-4A95-B01F-B86780344351} = {2B798F7F-C35A-4224-8222-C3FA8EB6E640}
		{569B3BEE-24E2-4B06-B8AB-198D501B1A02} = {C0AB3362-10A1-4362-9A96-41EF6508859E}
		{A6BE67EC-AB90-4C3F-98EC-1F7FFBA4D19A} = {C0AB3362-10A1-4362-9A96-41EF6508859E}
		{43237831-D39F-4E04-90C8-031D3B4FFDB6} = {C0AB3362-10A1-4362-9A96-41EF6508859E}
		{5F6A53C9-4C09-49AC-B6C7-0BE58E38C4E3} = {C0AB3362-10A1-4362-9A96-41EF6508859E}
		{201458B4-1FA7-476B-B4ED-B2ABE5992059} = {AB033906-6070-4028-8E1E-4E5D70B94A7B}
		{705F1436-0E8D-45C6-B07D-9A700560DF42} = {C0AB3362-10A1-4362-9A96-41EF6508859E}
		{B35E5925-9DFC-4425-8BD5-B6592F93866C} = {569B3BEE-24E2-4B06-B8AB-198D501B1A02}
		{748C8286-32E6-4C24-AA10-BAA48C09ACD5} = {A6BE67EC-AB90-4C3F-98EC-1F7FFBA4D19A}
		{EFC2035C-4576-4817-BFEC-D4877B634EE0} = {43237831-D39F-4E04-90C8-031D3B4FFDB6}
		{2947760F-C02D-4DB2-9C39-D533FE5D957B} = {5F6A53C9-4C09-49AC-B6C7-0BE58E38C4E3}
		{8569CA48-CA03-42CF-9EF7-DF01E7A70DAF} = {201458B4-1FA7-476B-B4ED-B2ABE5992059}
		{645F04E8-0D09-4BE4-8F77-C7795B714838} = {705F1436-0E8D-45C6-B07D-9A700560DF42}
		{72F09D99-5A27-4F28-A4BE-868D332F9C9E} = {569B3BEE-24E2-4B06-B8AB-198D501B1A02}
		{4FA22BA3-605A-4AFB-BDC7-E06186C8408E} = {A6BE67EC-AB90-4C3F-98EC-1F7FFBA4D19A}
		{D931E656-1AE7-407D-B730-7DBF3D0E4A9F} = {43237831-D39F-4E04-90C8-031D3B4FFDB6}
		{BB714910-E5B0-4672-A22A-E2E260CBC0BC} = {5F6A53C9-4C09-49AC-B6C7-0BE58E38C4E3}
		{AB67D23D-8EE8-438C-9CC1-E576705FAB21} = {17AF3E69-F222-4F39-A868-5D1A1D22A9C8}
		{41FF2A28-DED7-4685-8027-A0246008DCF0} = {705F1436-0E8D-45C6-B07D-9A700560DF42}
		{EAF67315-8369-437A-8C0C-6DDE52236F64} = {F4707225-89CA-43DD-BB37-64E259ED9750}
		{2E7DFFAA-512E-4C7E-B867-E55E522F01D5} = {F4707225-89CA-43DD-BB37-64E259ED9750}
		{309F8300-1BBA-436D-BC19-2BDAFF596BEC} = {C0AB3362-10A1-4362-9A96-41EF6508859E}
		{17AF3E69-F222-4F39-A868-5D1A1D22A9C8} = {C0AB3362-10A1-4362-9A96-41EF6508859E}
		{73ED1F64-8885-4686-832B-2B74E8299348} = {AB033906-6070-4028-8E1E-4E5D70B94A7B}
		{8EC0561C-5171-409A-BE2A-1D2A73BC92D6} = {73ED1F64-8885-4686-832B-2B74E8299348}
		{0F1E3074-27BD-416E-B510-83FB2DC1FA29} = {17AF3E69-F222-4F39-A868-5D1A1D22A9C8}
		{C1C39DFA-E521-4D5B-B342-9B827E456050} = {201458B4-1FA7-476B-B4ED-B2ABE5992059}
		{4C835A49-E394-4665-B901-BCD20434F7B2} = {F5C2C1AF-8C17-45E7-A8C3-FB2B48D30244}
		{A0685AFD-7A95-4B9C-82A3-C2E3F5B66C64} = {F5C2C1AF-8C17-45E7-A8C3-FB2B48D30244}
		{B29B63A4-7271-4625-8644-856BAA0BA5A1} = {0A244B09-FB26-4EB3-AAC8-64D7EFBE980F}
		{86BAEB93-EB25-436C-8BB6-27FE9784988E} = {80A13615-E6A8-4781-8DD3-FB63095BB11A}
		{E2B7D077-9966-49CC-91F2-3CC6B38C688B} = {80A13615-E6A8-4781-8DD3-FB63095BB11A}
	EndGlobalSection
EndGlobal
